
Microsoft Visual Studio Solution File, Format Version 12.00
# Visual Studio Version 17
VisualStudioVersion = 17.5.33424.131
MinimumVisualStudioVersion = 10.0.40219.1
Project("{9A19103F-16F7-4668-BE54-9A1E7A4F7556}") = "UnitTest", "UnitTest\UnitTest.csproj", "{B6AEFC65-E551-49AB-A04E-93C76A13E278}"
EndProject
Project("{FAE04EC0-301F-11D3-BF4B-00C04F79EFBC}") = "Logic", "Logic\Logic.csproj", "{F3F60A0F-A380-482F-9508-501B7BF3136D}"
EndProject
Project("{FAE04EC0-301F-11D3-BF4B-00C04F79EFBC}") = "Data", "Data\Data.csproj", "{9878BDE7-FC71-4514-84BA-5AB495A34BAF}"
EndProject
Project("{FAE04EC0-301F-11D3-BF4B-00C04F79EFBC}") = "Presentation", "Presentation\Presentation.csproj", "{B78B687A-26A7-40EB-B411-3624CCE17C70}"
EndProject
Global
	GlobalSection(SolutionConfigurationPlatforms) = preSolution
		Debug|Any CPU = Debug|Any CPU
		Release|Any CPU = Release|Any CPU
	EndGlobalSection
	GlobalSection(ProjectConfigurationPlatforms) = postSolution
		{B6AEFC65-E551-49AB-A04E-93C76A13E278}.Debug|Any CPU.ActiveCfg = Debug|Any CPU
		{B6AEFC65-E551-49AB-A04E-93C76A13E278}.Debug|Any CPU.Build.0 = Debug|Any CPU
		{B6AEFC65-E551-49AB-A04E-93C76A13E278}.Release|Any CPU.ActiveCfg = Release|Any CPU
		{B6AEFC65-E551-49AB-A04E-93C76A13E278}.Release|Any CPU.Build.0 = Release|Any CPU
		{F3F60A0F-A380-482F-9508-501B7BF3136D}.Debug|Any CPU.ActiveCfg = Debug|Any CPU
		{F3F60A0F-A380-482F-9508-501B7BF3136D}.Debug|Any CPU.Build.0 = Debug|Any CPU
		{F3F60A0F-A380-482F-9508-501B7BF3136D}.Release|Any CPU.ActiveCfg = Release|Any CPU
		{F3F60A0F-A380-482F-9508-501B7BF3136D}.Release|Any CPU.Build.0 = Release|Any CPU
		{9878BDE7-FC71-4514-84BA-5AB495A34BAF}.Debug|Any CPU.ActiveCfg = Debug|Any CPU
		{9878BDE7-FC71-4514-84BA-5AB495A34BAF}.Debug|Any CPU.Build.0 = Debug|Any CPU
		{9878BDE7-FC71-4514-84BA-5AB495A34BAF}.Release|Any CPU.ActiveCfg = Release|Any CPU
		{9878BDE7-FC71-4514-84BA-5AB495A34BAF}.Release|Any CPU.Build.0 = Release|Any CPU
		{B78B687A-26A7-40EB-B411-3624CCE17C70}.Debug|Any CPU.ActiveCfg = Debug|Any CPU
		{B78B687A-26A7-40EB-B411-3624CCE17C70}.Debug|Any CPU.Build.0 = Debug|Any CPU
		{B78B687A-26A7-40EB-B411-3624CCE17C70}.Release|Any CPU.ActiveCfg = Release|Any CPU
		{B78B687A-26A7-40EB-B411-3624CCE17C70}.Release|Any CPU.Build.0 = Release|Any CPU
	EndGlobalSection
	GlobalSection(SolutionProperties) = preSolution
		HideSolutionNode = FALSE
	EndGlobalSection
	GlobalSection(ExtensibilityGlobals) = postSolution
		SolutionGuid = {04980205-E7B5-43B0-B59B-657613925C20}
	EndGlobalSection
EndGlobal
