
Microsoft Visual Studio Solution File, Format Version 12.00
# Visual Studio Version 17
VisualStudioVersion = 17.5.33424.131
MinimumVisualStudioVersion = 10.0.40219.1
Project("{9A19103F-16F7-4668-BE54-9A1E7A4F7556}") = "Logic", "Logic\Logic.csproj", "{F3F60A0F-A380-482F-9508-501B7BF3136D}"
EndProject
Project("{9A19103F-16F7-4668-BE54-9A1E7A4F7556}") = "Data", "Data\Data.csproj", "{9878BDE7-FC71-4514-84BA-5AB495A34BAF}"
EndProject
Project("{9A19103F-16F7-4668-BE54-9A1E7A4F7556}") = "PresentationModel", "Presentation\PresentationModel\PresentationModel.csproj", "{59E21E24-309C-4717-972E-8A8C96681682}"
EndProject
Project("{9A19103F-16F7-4668-BE54-9A1E7A4F7556}") = "PresentationView", "Presentation\GraphicalUserInterface\PresentationView.csproj", "{58D88F13-3473-4A39-AB0D-D4F230730071}"
EndProject
Project("{9A19103F-16F7-4668-BE54-9A1E7A4F7556}") = "PresentationViewModel", "Presentation\PresentationViewModel\PresentationViewModel.csproj", "{8093F5B8-7A02-4167-9202-CCC7E2E1505C}"
EndProject
Project("{9A19103F-16F7-4668-BE54-9A1E7A4F7556}") = "DataTest", "Tests\DataTest\DataTest.csproj", "{C735A3B8-EB31-429E-9151-54BEFAB93273}"
EndProject
Project("{9A19103F-16F7-4668-BE54-9A1E7A4F7556}") = "LogicTest", "Tests\LogicTest\LogicTest.csproj", "{A9078BBC-4151-4A68-920B-1E9104E90496}"
EndProject
Project("{9A19103F-16F7-4668-BE54-9A1E7A4F7556}") = "DataServer", "DataServer\DataServer.csproj", "{EFA91253-5F1C-45A4-8AAF-4B55AF9B17DD}"
EndProject
Project("{9A19103F-16F7-4668-BE54-9A1E7A4F7556}") = "LogicServer", "LogicServer\LogicServer.csproj", "{A018B603-AEEE-47F1-8EE3-D509BBA545FC}"
EndProject
Project("{9A19103F-16F7-4668-BE54-9A1E7A4F7556}") = "PresentationServer", "PresentationServer\PresentationServer.csproj", "{43BF5BB4-7FFF-42EE-84DE-48E53A6DD2DE}"
EndProject
Project("{9A19103F-16F7-4668-BE54-9A1E7A4F7556}") = "DataTestServer", "DataTestServer\DataTestServer.csproj", "{949C5E53-0A42-4C3F-BCCB-63A31CD2E743}"
EndProject
Project("{9A19103F-16F7-4668-BE54-9A1E7A4F7556}") = "LogicTestServer", "LogicTestServer\LogicTestServer.csproj", "{0B4FD10B-6682-4D25-9993-DF709B66A927}"
EndProject
Project("{FAE04EC0-301F-11D3-BF4B-00C04F79EFBC}") = "OPCModel", "OPCModel\OPCModel.csproj", "{809B1242-0246-429B-8766-A5AB9175CF76}"
EndProject
Project("{FAE04EC0-301F-11D3-BF4B-00C04F79EFBC}") = "IntegrationTest", "IntegrationTest\IntegrationTest.csproj", "{EE8DB96F-30DA-4458-BB0B-41927330A774}"
EndProject
Global
	GlobalSection(SolutionConfigurationPlatforms) = preSolution
		Debug|Any CPU = Debug|Any CPU
		Release|Any CPU = Release|Any CPU
	EndGlobalSection
	GlobalSection(ProjectConfigurationPlatforms) = postSolution
		{F3F60A0F-A380-482F-9508-501B7BF3136D}.Debug|Any CPU.ActiveCfg = Debug|Any CPU
		{F3F60A0F-A380-482F-9508-501B7BF3136D}.Debug|Any CPU.Build.0 = Debug|Any CPU
		{F3F60A0F-A380-482F-9508-501B7BF3136D}.Release|Any CPU.ActiveCfg = Release|Any CPU
		{F3F60A0F-A380-482F-9508-501B7BF3136D}.Release|Any CPU.Build.0 = Release|Any CPU
		{9878BDE7-FC71-4514-84BA-5AB495A34BAF}.Debug|Any CPU.ActiveCfg = Debug|Any CPU
		{9878BDE7-FC71-4514-84BA-5AB495A34BAF}.Debug|Any CPU.Build.0 = Debug|Any CPU
		{9878BDE7-FC71-4514-84BA-5AB495A34BAF}.Release|Any CPU.ActiveCfg = Release|Any CPU
		{9878BDE7-FC71-4514-84BA-5AB495A34BAF}.Release|Any CPU.Build.0 = Release|Any CPU
		{59E21E24-309C-4717-972E-8A8C96681682}.Debug|Any CPU.ActiveCfg = Debug|Any CPU
		{59E21E24-309C-4717-972E-8A8C96681682}.Debug|Any CPU.Build.0 = Debug|Any CPU
		{59E21E24-309C-4717-972E-8A8C96681682}.Release|Any CPU.ActiveCfg = Release|Any CPU
		{59E21E24-309C-4717-972E-8A8C96681682}.Release|Any CPU.Build.0 = Release|Any CPU
		{58D88F13-3473-4A39-AB0D-D4F230730071}.Debug|Any CPU.ActiveCfg = Debug|Any CPU
		{58D88F13-3473-4A39-AB0D-D4F230730071}.Debug|Any CPU.Build.0 = Debug|Any CPU
		{58D88F13-3473-4A39-AB0D-D4F230730071}.Release|Any CPU.ActiveCfg = Release|Any CPU
		{58D88F13-3473-4A39-AB0D-D4F230730071}.Release|Any CPU.Build.0 = Release|Any CPU
		{8093F5B8-7A02-4167-9202-CCC7E2E1505C}.Debug|Any CPU.ActiveCfg = Debug|Any CPU
		{8093F5B8-7A02-4167-9202-CCC7E2E1505C}.Debug|Any CPU.Build.0 = Debug|Any CPU
		{8093F5B8-7A02-4167-9202-CCC7E2E1505C}.Release|Any CPU.ActiveCfg = Release|Any CPU
		{8093F5B8-7A02-4167-9202-CCC7E2E1505C}.Release|Any CPU.Build.0 = Release|Any CPU
		{C735A3B8-EB31-429E-9151-54BEFAB93273}.Debug|Any CPU.ActiveCfg = Debug|Any CPU
		{C735A3B8-EB31-429E-9151-54BEFAB93273}.Debug|Any CPU.Build.0 = Debug|Any CPU
		{C735A3B8-EB31-429E-9151-54BEFAB93273}.Release|Any CPU.ActiveCfg = Release|Any CPU
		{C735A3B8-EB31-429E-9151-54BEFAB93273}.Release|Any CPU.Build.0 = Release|Any CPU
		{A9078BBC-4151-4A68-920B-1E9104E90496}.Debug|Any CPU.ActiveCfg = Debug|Any CPU
		{A9078BBC-4151-4A68-920B-1E9104E90496}.Debug|Any CPU.Build.0 = Debug|Any CPU
		{A9078BBC-4151-4A68-920B-1E9104E90496}.Release|Any CPU.ActiveCfg = Release|Any CPU
		{A9078BBC-4151-4A68-920B-1E9104E90496}.Release|Any CPU.Build.0 = Release|Any CPU
		{EFA91253-5F1C-45A4-8AAF-4B55AF9B17DD}.Debug|Any CPU.ActiveCfg = Debug|Any CPU
		{EFA91253-5F1C-45A4-8AAF-4B55AF9B17DD}.Debug|Any CPU.Build.0 = Debug|Any CPU
		{EFA91253-5F1C-45A4-8AAF-4B55AF9B17DD}.Release|Any CPU.ActiveCfg = Release|Any CPU
		{EFA91253-5F1C-45A4-8AAF-4B55AF9B17DD}.Release|Any CPU.Build.0 = Release|Any CPU
		{A018B603-AEEE-47F1-8EE3-D509BBA545FC}.Debug|Any CPU.ActiveCfg = Debug|Any CPU
		{A018B603-AEEE-47F1-8EE3-D509BBA545FC}.Debug|Any CPU.Build.0 = Debug|Any CPU
		{A018B603-AEEE-47F1-8EE3-D509BBA545FC}.Release|Any CPU.ActiveCfg = Release|Any CPU
		{A018B603-AEEE-47F1-8EE3-D509BBA545FC}.Release|Any CPU.Build.0 = Release|Any CPU
		{43BF5BB4-7FFF-42EE-84DE-48E53A6DD2DE}.Debug|Any CPU.ActiveCfg = Debug|Any CPU
		{43BF5BB4-7FFF-42EE-84DE-48E53A6DD2DE}.Debug|Any CPU.Build.0 = Debug|Any CPU
		{43BF5BB4-7FFF-42EE-84DE-48E53A6DD2DE}.Release|Any CPU.ActiveCfg = Release|Any CPU
		{43BF5BB4-7FFF-42EE-84DE-48E53A6DD2DE}.Release|Any CPU.Build.0 = Release|Any CPU
		{949C5E53-0A42-4C3F-BCCB-63A31CD2E743}.Debug|Any CPU.ActiveCfg = Debug|Any CPU
		{949C5E53-0A42-4C3F-BCCB-63A31CD2E743}.Debug|Any CPU.Build.0 = Debug|Any CPU
		{949C5E53-0A42-4C3F-BCCB-63A31CD2E743}.Release|Any CPU.ActiveCfg = Release|Any CPU
		{949C5E53-0A42-4C3F-BCCB-63A31CD2E743}.Release|Any CPU.Build.0 = Release|Any CPU
		{0B4FD10B-6682-4D25-9993-DF709B66A927}.Debug|Any CPU.ActiveCfg = Debug|Any CPU
		{0B4FD10B-6682-4D25-9993-DF709B66A927}.Debug|Any CPU.Build.0 = Debug|Any CPU
		{0B4FD10B-6682-4D25-9993-DF709B66A927}.Release|Any CPU.ActiveCfg = Release|Any CPU
		{0B4FD10B-6682-4D25-9993-DF709B66A927}.Release|Any CPU.Build.0 = Release|Any CPU
		{809B1242-0246-429B-8766-A5AB9175CF76}.Debug|Any CPU.ActiveCfg = Debug|Any CPU
		{809B1242-0246-429B-8766-A5AB9175CF76}.Debug|Any CPU.Build.0 = Debug|Any CPU
		{809B1242-0246-429B-8766-A5AB9175CF76}.Release|Any CPU.ActiveCfg = Release|Any CPU
		{809B1242-0246-429B-8766-A5AB9175CF76}.Release|Any CPU.Build.0 = Release|Any CPU
		{EE8DB96F-30DA-4458-BB0B-41927330A774}.Debug|Any CPU.ActiveCfg = Debug|Any CPU
		{EE8DB96F-30DA-4458-BB0B-41927330A774}.Debug|Any CPU.Build.0 = Debug|Any CPU
		{EE8DB96F-30DA-4458-BB0B-41927330A774}.Release|Any CPU.ActiveCfg = Release|Any CPU
		{EE8DB96F-30DA-4458-BB0B-41927330A774}.Release|Any CPU.Build.0 = Release|Any CPU
	EndGlobalSection
	GlobalSection(SolutionProperties) = preSolution
		HideSolutionNode = FALSE
	EndGlobalSection
	GlobalSection(ExtensibilityGlobals) = postSolution
		SolutionGuid = {04980205-E7B5-43B0-B59B-657613925C20}
	EndGlobalSection
EndGlobal
